
Microsoft Visual Studio Solution File, Format Version 12.00
# Visual Studio Version 16
VisualStudioVersion = 16.0.31205.134
MinimumVisualStudioVersion = 10.0.40219.1
Project("{FAE04EC0-301F-11D3-BF4B-00C04F79EFBC}") = "PrimeiraWebAPI", "PrimeiraWebAPI\PrimeiraWebAPI.csproj", "{AC01F40D-0B2D-4724-B9F0-EBF4F98B0913}"
EndProject
Global
	GlobalSection(SolutionConfigurationPlatforms) = preSolution
		Debug|Any CPU = Debug|Any CPU
		Release|Any CPU = Release|Any CPU
	EndGlobalSection
	GlobalSection(ProjectConfigurationPlatforms) = postSolution
		{AC01F40D-0B2D-4724-B9F0-EBF4F98B0913}.Debug|Any CPU.ActiveCfg = Debug|Any CPU
		{AC01F40D-0B2D-4724-B9F0-EBF4F98B0913}.Debug|Any CPU.Build.0 = Debug|Any CPU
		{AC01F40D-0B2D-4724-B9F0-EBF4F98B0913}.Release|Any CPU.ActiveCfg = Release|Any CPU
		{AC01F40D-0B2D-4724-B9F0-EBF4F98B0913}.Release|Any CPU.Build.0 = Release|Any CPU
	EndGlobalSection
	GlobalSection(SolutionProperties) = preSolution
		HideSolutionNode = FALSE
	EndGlobalSection
	GlobalSection(ExtensibilityGlobals) = postSolution
		SolutionGuid = {FCAEA9F8-12AB-4FF0-8F1E-439A52813364}
	EndGlobalSection
EndGlobal
